
Microsoft Visual Studio Solution File, Format Version 12.00
# Visual Studio Version 17
VisualStudioVersion = 17.0.32014.148
MinimumVisualStudioVersion = 10.0.40219.1
Project("{FAE04EC0-301F-11D3-BF4B-00C04F79EFBC}") = "CelliClickerMainView", "CelliClickerMainView\CelliClickerMainView.csproj", "{BF2E49C8-9409-47EC-90CB-8B7D26FC304B}"
EndProject
Global
	GlobalSection(SolutionConfigurationPlatforms) = preSolution
		Debug|Any CPU = Debug|Any CPU
		Release|Any CPU = Release|Any CPU
	EndGlobalSection
	GlobalSection(ProjectConfigurationPlatforms) = postSolution
		{BF2E49C8-9409-47EC-90CB-8B7D26FC304B}.Debug|Any CPU.ActiveCfg = Debug|Any CPU
		{BF2E49C8-9409-47EC-90CB-8B7D26FC304B}.Debug|Any CPU.Build.0 = Debug|Any CPU
		{BF2E49C8-9409-47EC-90CB-8B7D26FC304B}.Release|Any CPU.ActiveCfg = Release|Any CPU
		{BF2E49C8-9409-47EC-90CB-8B7D26FC304B}.Release|Any CPU.Build.0 = Release|Any CPU
	EndGlobalSection
	GlobalSection(SolutionProperties) = preSolution
		HideSolutionNode = FALSE
	EndGlobalSection
	GlobalSection(ExtensibilityGlobals) = postSolution
		SolutionGuid = {C5DE6C5E-CB22-4D39-8A31-8037EC3B6543}
	EndGlobalSection
EndGlobal
